<?xml version="1.0" encoding="UTF-8"?>
<CONFIG>
  <ProjectOptions>
    <Version Value="12"/>
    <General>
      <SessionStorage Value="InProjectDir"/>
      <AutoCreateForms Value="False"/>
      <Title Value="plainotepad"/>
      <Scaled Value="True"/>
      <ResourceType Value="res"/>
      <UseXPManifest Value="True"/>
      <XPManifest>
        <DpiAware Value="True"/>
      </XPManifest>
      <Icon Value="0"/>
      <Resources Count="5">
        <Resource_0 FileName="../res/color-schemes/cream.colors" Type="RCDATA" ResourceName="CREAM.COLORS"/>
        <Resource_1 FileName="../res/color-schemes/dark.colors" Type="RCDATA" ResourceName="DARK.COLORS"/>
        <Resource_2 FileName="../icons/scalable/plainotepad.svg" Type="RCDATA" ResourceName="PLAINOTEPAD.SVG"/>
        <Resource_3 FileName="../res/synt-analyzers.zip" Type="RCDATA" ResourceName="SYNT-ANALYZERS"/>
        <Resource_4 FileName="../res/help/shortcuts.html" Type="RCDATA" ResourceName="SHORTCUTS.HTML"/>
      </Resources>
    </General>
    <VersionInfo>
      <UseVersionInfo Value="True"/>
      <AutoIncrementBuild Value="True"/>
      <MinorVersionNr Value="9"/>
      <RevisionNr Value="6"/>
      <BuildNr Value="348"/>
      <StringTable Comments="Plain text editor" CompanyName="helltar.com" FileDescription="Plainotepad" LegalCopyright="2022 Helltar" OriginalFilename="plainotepad" ProductName="Plainotepad" ProductVersion="0.9.6"/>
    </VersionInfo>
    <BuildModes>
      <Item Name="Default" Default="True"/>
      <Item Name="Debug">
        <CompilerOptions>
          <Version Value="11"/>
          <Target>
            <Filename Value="../debug/plainotepad"/>
          </Target>
          <SearchPaths>
            <IncludeFiles Value="$(ProjOutDir)"/>
            <OtherUnitFiles Value="forms;units;editor;forms/dialogs"/>
            <UnitOutputDirectory Value="lib/$(TargetCPU)-$(TargetOS)"/>
          </SearchPaths>
          <Parsing>
            <SyntaxOptions>
              <IncludeAssertionCode Value="True"/>
            </SyntaxOptions>
          </Parsing>
          <CodeGeneration>
            <Checks>
              <IOChecks Value="True"/>
              <RangeChecks Value="True"/>
              <OverflowChecks Value="True"/>
              <StackChecks Value="True"/>
            </Checks>
            <VerifyObjMethodCallValidity Value="True"/>
            <Optimizations>
              <OptimizationLevel Value="0"/>
            </Optimizations>
          </CodeGeneration>
          <Linking>
            <Debugging>
              <DebugInfoType Value="dsDwarf3"/>
              <UseHeaptrc Value="True"/>
              <TrashVariables Value="True"/>
              <UseExternalDbgSyms Value="True"/>
            </Debugging>
            <Options>
              <Win32>
                <GraphicApplication Value="True"/>
              </Win32>
            </Options>
          </Linking>
        </CompilerOptions>
      </Item>
      <Item Name="Release">
        <CompilerOptions>
          <Version Value="11"/>
          <Target>
            <Filename Value="../release/plainotepad"/>
          </Target>
          <SearchPaths>
            <IncludeFiles Value="$(ProjOutDir)"/>
            <OtherUnitFiles Value="forms;units;editor;forms/dialogs"/>
            <UnitOutputDirectory Value="lib/$(TargetCPU)-$(TargetOS)"/>
          </SearchPaths>
          <CodeGeneration>
            <SmartLinkUnit Value="True"/>
            <Optimizations>
              <OptimizationLevel Value="3"/>
            </Optimizations>
          </CodeGeneration>
          <Linking>
            <Debugging>
              <GenerateDebugInfo Value="False"/>
            </Debugging>
            <LinkSmart Value="True"/>
            <Options>
              <Win32>
                <GraphicApplication Value="True"/>
              </Win32>
            </Options>
          </Linking>
        </CompilerOptions>
      </Item>
    </BuildModes>
    <PublishOptions>
      <Version Value="2"/>
      <UseFileFilters Value="True"/>
    </PublishOptions>
    <RunParams>
      <FormatVersion Value="2"/>
    </RunParams>
    <RequiredPackages>
      <Item>
        <PackageName Value="atflatcontrols_package"/>
      </Item>
      <Item>
        <PackageName Value="atsynedit_package"/>
      </Item>
      <Item>
        <PackageName Value="econtrol_package"/>
      </Item>
      <Item>
        <PackageName Value="atsynedit_ex_package"/>
      </Item>
      <Item>
        <PackageName Value="LCL"/>
      </Item>
    </RequiredPackages>
    <Units>
      <Unit>
        <Filename Value="plainotepad.lpr"/>
        <IsPartOfProject Value="True"/>
      </Unit>
      <Unit>
        <Filename Value="forms/umainform.pas"/>
        <IsPartOfProject Value="True"/>
        <ComponentName Value="frmMain"/>
        <HasResources Value="True"/>
        <ResourceBaseClass Value="Form"/>
        <UnitName Value="uMainForm"/>
      </Unit>
      <Unit>
        <Filename Value="units/uconfig.pas"/>
        <IsPartOfProject Value="True"/>
        <UnitName Value="uConfig"/>
      </Unit>
      <Unit>
        <Filename Value="editor/ueditor.pas"/>
        <IsPartOfProject Value="True"/>
        <UnitName Value="uEditor"/>
      </Unit>
      <Unit>
        <Filename Value="units/ulogger.pas"/>
        <IsPartOfProject Value="True"/>
        <UnitName Value="uLogger"/>
      </Unit>
      <Unit>
        <Filename Value="units/uconsts.pas"/>
        <IsPartOfProject Value="True"/>
        <UnitName Value="uConsts"/>
      </Unit>
      <Unit>
        <Filename Value="units/uutils.pas"/>
        <IsPartOfProject Value="True"/>
        <UnitName Value="uUtils"/>
      </Unit>
      <Unit>
        <Filename Value="forms/uaboutform.pas"/>
        <IsPartOfProject Value="True"/>
        <ComponentName Value="frmAbout"/>
        <HasResources Value="True"/>
        <ResourceBaseClass Value="Form"/>
        <UnitName Value="uAboutForm"/>
      </Unit>
      <Unit>
        <Filename Value="forms/usettingsform.pas"/>
        <IsPartOfProject Value="True"/>
        <ComponentName Value="frmSettings"/>
        <HasResources Value="True"/>
        <ResourceBaseClass Value="Form"/>
        <UnitName Value="uSettingsForm"/>
      </Unit>
      <Unit>
        <Filename Value="forms/ulicenseform.pas"/>
        <IsPartOfProject Value="True"/>
        <ComponentName Value="frmLicense"/>
        <HasResources Value="True"/>
        <ResourceBaseClass Value="Form"/>
        <UnitName Value="uLicenseForm"/>
      </Unit>
      <Unit>
        <Filename Value="editor/ueditorhighlighter.pas"/>
        <IsPartOfProject Value="True"/>
        <UnitName Value="uEditorHighlighter"/>
      </Unit>
      <Unit>
        <Filename Value="forms/ucolorthemeeditorform.pas"/>
        <IsPartOfProject Value="True"/>
        <ComponentName Value="frmColorThemeEditor"/>
        <HasResources Value="True"/>
        <ResourceBaseClass Value="Form"/>
        <UnitName Value="uColorThemeEditorForm"/>
      </Unit>
      <Unit>
        <Filename Value="forms/dialogs/ucolorthemenewnamedialog.pas"/>
        <IsPartOfProject Value="True"/>
        <ComponentName Value="dlgColorThemeNewName"/>
        <HasResources Value="True"/>
        <ResourceBaseClass Value="Form"/>
        <UnitName Value="uColorThemeNewNameDialog"/>
      </Unit>
      <Unit>
        <Filename Value="forms/uloggerform.pas"/>
        <IsPartOfProject Value="True"/>
        <ComponentName Value="frmLogger"/>
        <HasResources Value="True"/>
        <ResourceBaseClass Value="Form"/>
        <UnitName Value="uLoggerForm"/>
      </Unit>
      <Unit>
        <Filename Value="forms/dialogs/ufilechangeddialog.pas"/>
        <IsPartOfProject Value="True"/>
        <ComponentName Value="dlgFileChanged"/>
        <HasResources Value="True"/>
        <ResourceBaseClass Value="Form"/>
        <UnitName Value="uFileChangedDialog"/>
      </Unit>
    </Units>
  </ProjectOptions>
  <CompilerOptions>
    <Version Value="11"/>
    <Target>
      <Filename Value="plainotepad"/>
    </Target>
    <SearchPaths>
      <IncludeFiles Value="$(ProjOutDir)"/>
      <OtherUnitFiles Value="forms;units;editor;forms/dialogs"/>
      <UnitOutputDirectory Value="lib/$(TargetCPU)-$(TargetOS)"/>
    </SearchPaths>
    <Linking>
      <Options>
        <Win32>
          <GraphicApplication Value="True"/>
        </Win32>
      </Options>
    </Linking>
  </CompilerOptions>
  <Debugging>
    <Exceptions>
      <Item>
        <Name Value="EAbort"/>
      </Item>
      <Item>
        <Name Value="ECodetoolError"/>
      </Item>
      <Item>
        <Name Value="EFOpenError"/>
      </Item>
    </Exceptions>
  </Debugging>
</CONFIG>
